
Microsoft Visual Studio Solution File, Format Version 12.00
# Visual Studio Version 17
VisualStudioVersion = 17.2.32526.322
MinimumVisualStudioVersion = 10.0.40219.1
Project("{FAE04EC0-301F-11D3-BF4B-00C04F79EFBC}") = "TgBot_ver1", "TgBot_ver1\TgBot_ver1.csproj", "{1633E749-2FC3-4A10-9D04-81DF3E163D9E}"
EndProject
Global
	GlobalSection(SolutionConfigurationPlatforms) = preSolution
		Debug|Any CPU = Debug|Any CPU
		Release|Any CPU = Release|Any CPU
	EndGlobalSection
	GlobalSection(ProjectConfigurationPlatforms) = postSolution
		{1633E749-2FC3-4A10-9D04-81DF3E163D9E}.Debug|Any CPU.ActiveCfg = Debug|Any CPU
		{1633E749-2FC3-4A10-9D04-81DF3E163D9E}.Debug|Any CPU.Build.0 = Debug|Any CPU
		{1633E749-2FC3-4A10-9D04-81DF3E163D9E}.Release|Any CPU.ActiveCfg = Release|Any CPU
		{1633E749-2FC3-4A10-9D04-81DF3E163D9E}.Release|Any CPU.Build.0 = Release|Any CPU
	EndGlobalSection
	GlobalSection(SolutionProperties) = preSolution
		HideSolutionNode = FALSE
	EndGlobalSection
	GlobalSection(ExtensibilityGlobals) = postSolution
		SolutionGuid = {95010945-94BB-4FED-8476-93337A10E530}
	EndGlobalSection
EndGlobal
